// !$*UTF8*$!
{
	archiveVersion = 1;
	classes = {
	};
	objectVersion = 56;
	objects = {

/* Begin PBXBuildFile section */
		5875B9DA2BD83ADE005C0A2C /* AppDelegate.swift in Sources */ = {isa = PBXBuildFile; fileRef = 5875B9D92BD83ADE005C0A2C /* AppDelegate.swift */; };
		5875B9DC2BD83ADE005C0A2C /* SceneDelegate.swift in Sources */ = {isa = PBXBuildFile; fileRef = 5875B9DB2BD83ADE005C0A2C /* SceneDelegate.swift */; };
		5875B9DE2BD83ADE005C0A2C /* ViewController.swift in Sources */ = {isa = PBXBuildFile; fileRef = 5875B9DD2BD83ADE005C0A2C /* ViewController.swift */; };
		5875B9E12BD83ADE005C0A2C /* Base in Resources */ = {isa = PBXBuildFile; fileRef = 5875B9E02BD83ADE005C0A2C /* Base */; };
		5875B9E32BD83AEB005C0A2C /* Assets.xcassets in Resources */ = {isa = PBXBuildFile; fileRef = 5875B9E22BD83AEA005C0A2C /* Assets.xcassets */; };
		5875B9E62BD83AEB005C0A2C /* Base in Resources */ = {isa = PBXBuildFile; fileRef = 5875B9E52BD83AEB005C0A2C /* Base */; };
		5875B9F12BD83AEB005C0A2C /* Dice_SimulatorTests.swift in Sources */ = {isa = PBXBuildFile; fileRef = 5875B9F02BD83AEB005C0A2C /* Dice_SimulatorTests.swift */; };
		5875B9FB2BD83AEB005C0A2C /* Dice_SimulatorUITests.swift in Sources */ = {isa = PBXBuildFile; fileRef = 5875B9FA2BD83AEB005C0A2C /* Dice_SimulatorUITests.swift */; };
		5875B9FD2BD83AEB005C0A2C /* Dice_SimulatorUITestsLaunchTests.swift in Sources */ = {isa = PBXBuildFile; fileRef = 5875B9FC2BD83AEB005C0A2C /* Dice_SimulatorUITestsLaunchTests.swift */; };
/* End PBXBuildFile section */

/* Begin PBXContainerItemProxy section */
		5875B9ED2BD83AEB005C0A2C /* PBXContainerItemProxy */ = {
			isa = PBXContainerItemProxy;
			containerPortal = 5875B9CE2BD83ADE005C0A2C /* Project object */;
			proxyType = 1;
			remoteGlobalIDString = 5875B9D52BD83ADE005C0A2C;
			remoteInfo = Dice_Simulator;
		};
		5875B9F72BD83AEB005C0A2C /* PBXContainerItemProxy */ = {
			isa = PBXContainerItemProxy;
			containerPortal = 5875B9CE2BD83ADE005C0A2C /* Project object */;
			proxyType = 1;
			remoteGlobalIDString = 5875B9D52BD83ADE005C0A2C;
			remoteInfo = Dice_Simulator;
		};
/* End PBXContainerItemProxy section */

/* Begin PBXFileReference section */
		5875B9D62BD83ADE005C0A2C /* Dice_Simulator.app */ = {isa = PBXFileReference; explicitFileType = wrapper.application; includeInIndex = 0; path = Dice_Simulator.app; sourceTree = BUILT_PRODUCTS_DIR; };
		5875B9D92BD83ADE005C0A2C /* AppDelegate.swift */ = {isa = PBXFileReference; lastKnownFileType = sourcecode.swift; path = AppDelegate.swift; sourceTree = "<group>"; };
		5875B9DB2BD83ADE005C0A2C /* SceneDelegate.swift */ = {isa = PBXFileReference; lastKnownFileType = sourcecode.swift; path = SceneDelegate.swift; sourceTree = "<group>"; };
		5875B9DD2BD83ADE005C0A2C /* ViewController.swift */ = {isa = PBXFileReference; lastKnownFileType = sourcecode.swift; path = ViewController.swift; sourceTree = "<group>"; };
		5875B9E02BD83ADE005C0A2C /* Base */ = {isa = PBXFileReference; lastKnownFileType = file.storyboard; name = Base; path = Base.lproj/Main.storyboard; sourceTree = "<group>"; };
		5875B9E22BD83AEA005C0A2C /* Assets.xcassets */ = {isa = PBXFileReference; lastKnownFileType = folder.assetcatalog; path = Assets.xcassets; sourceTree = "<group>"; };
		5875B9E52BD83AEB005C0A2C /* Base */ = {isa = PBXFileReference; lastKnownFileType = file.storyboard; name = Base; path = Base.lproj/LaunchScreen.storyboard; sourceTree = "<group>"; };
		5875B9E72BD83AEB005C0A2C /* Info.plist */ = {isa = PBXFileReference; lastKnownFileType = text.plist.xml; path = Info.plist; sourceTree = "<group>"; };
		5875B9EC2BD83AEB005C0A2C /* Dice_SimulatorTests.xctest */ = {isa = PBXFileReference; explicitFileType = wrapper.cfbundle; includeInIndex = 0; path = Dice_SimulatorTests.xctest; sourceTree = BUILT_PRODUCTS_DIR; };
		5875B9F02BD83AEB005C0A2C /* Dice_SimulatorTests.swift */ = {isa = PBXFileReference; lastKnownFileType = sourcecode.swift; path = Dice_SimulatorTests.swift; sourceTree = "<group>"; };
		5875B9F62BD83AEB005C0A2C /* Dice_SimulatorUITests.xctest */ = {isa = PBXFileReference; explicitFileType = wrapper.cfbundle; includeInIndex = 0; path = Dice_SimulatorUITests.xctest; sourceTree = BUILT_PRODUCTS_DIR; };
		5875B9FA2BD83AEB005C0A2C /* Dice_SimulatorUITests.swift */ = {isa = PBXFileReference; lastKnownFileType = sourcecode.swift; path = Dice_SimulatorUITests.swift; sourceTree = "<group>"; };
		5875B9FC2BD83AEB005C0A2C /* Dice_SimulatorUITestsLaunchTests.swift */ = {isa = PBXFileReference; lastKnownFileType = sourcecode.swift; path = Dice_SimulatorUITestsLaunchTests.swift; sourceTree = "<group>"; };
/* End PBXFileReference section */

/* Begin PBXFrameworksBuildPhase section */
		5875B9D32BD83ADE005C0A2C /* Frameworks */ = {
			isa = PBXFrameworksBuildPhase;
			buildActionMask = 2147483647;
			files = (
			);
			runOnlyForDeploymentPostprocessing = 0;
		};
		5875B9E92BD83AEB005C0A2C /* Frameworks */ = {
			isa = PBXFrameworksBuildPhase;
			buildActionMask = 2147483647;
			files = (
			);
			runOnlyForDeploymentPostprocessing = 0;
		};
		5875B9F32BD83AEB005C0A2C /* Frameworks */ = {
			isa = PBXFrameworksBuildPhase;
			buildActionMask = 2147483647;
			files = (
			);
			runOnlyForDeploymentPostprocessing = 0;
		};
/* End PBXFrameworksBuildPhase section */

/* Begin PBXGroup section */
		5875B9CD2BD83ADE005C0A2C = {
			isa = PBXGroup;
			children = (
				5875B9D82BD83ADE005C0A2C /* Dice_Simulator */,
				5875B9EF2BD83AEB005C0A2C /* Dice_SimulatorTests */,
				5875B9F92BD83AEB005C0A2C /* Dice_SimulatorUITests */,
				5875B9D72BD83ADE005C0A2C /* Products */,
			);
			sourceTree = "<group>";
		};
		5875B9D72BD83ADE005C0A2C /* Products */ = {
			isa = PBXGroup;
			children = (
				5875B9D62BD83ADE005C0A2C /* Dice_Simulator.app */,
				5875B9EC2BD83AEB005C0A2C /* Dice_SimulatorTests.xctest */,
				5875B9F62BD83AEB005C0A2C /* Dice_SimulatorUITests.xctest */,
			);
			name = Products;
			sourceTree = "<group>";
		};
		5875B9D82BD83ADE005C0A2C /* Dice_Simulator */ = {
			isa = PBXGroup;
			children = (
				5875B9D92BD83ADE005C0A2C /* AppDelegate.swift */,
				5875B9DB2BD83ADE005C0A2C /* SceneDelegate.swift */,
				5875B9DD2BD83ADE005C0A2C /* ViewController.swift */,
				5875B9DF2BD83ADE005C0A2C /* Main.storyboard */,
				5875B9E22BD83AEA005C0A2C /* Assets.xcassets */,
				5875B9E42BD83AEB005C0A2C /* LaunchScreen.storyboard */,
				5875B9E72BD83AEB005C0A2C /* Info.plist */,
			);
			path = Dice_Simulator;
			sourceTree = "<group>";
		};
		5875B9EF2BD83AEB005C0A2C /* Dice_SimulatorTests */ = {
			isa = PBXGroup;
			children = (
				5875B9F02BD83AEB005C0A2C /* Dice_SimulatorTests.swift */,
			);
			path = Dice_SimulatorTests;
			sourceTree = "<group>";
		};
		5875B9F92BD83AEB005C0A2C /* Dice_SimulatorUITests */ = {
			isa = PBXGroup;
			children = (
				5875B9FA2BD83AEB005C0A2C /* Dice_SimulatorUITests.swift */,
				5875B9FC2BD83AEB005C0A2C /* Dice_SimulatorUITestsLaunchTests.swift */,
			);
			path = Dice_SimulatorUITests;
			sourceTree = "<group>";
		};
/* End PBXGroup section */

/* Begin PBXNativeTarget section */
		5875B9D52BD83ADE005C0A2C /* Dice_Simulator */ = {
			isa = PBXNativeTarget;
			buildConfigurationList = 5875BA002BD83AEB005C0A2C /* Build configuration list for PBXNativeTarget "Dice_Simulator" */;
			buildPhases = (
				5875B9D22BD83ADE005C0A2C /* Sources */,
				5875B9D32BD83ADE005C0A2C /* Frameworks */,
				5875B9D42BD83ADE005C0A2C /* Resources */,
			);
			buildRules = (
			);
			dependencies = (
			);
			name = Dice_Simulator;
			productName = Dice_Simulator;
			productReference = 5875B9D62BD83ADE005C0A2C /* Dice_Simulator.app */;
			productType = "com.apple.product-type.application";
		};
		5875B9EB2BD83AEB005C0A2C /* Dice_SimulatorTests */ = {
			isa = PBXNativeTarget;
			buildConfigurationList = 5875BA032BD83AEB005C0A2C /* Build configuration list for PBXNativeTarget "Dice_SimulatorTests" */;
			buildPhases = (
				5875B9E82BD83AEB005C0A2C /* Sources */,
				5875B9E92BD83AEB005C0A2C /* Frameworks */,
				5875B9EA2BD83AEB005C0A2C /* Resources */,
			);
			buildRules = (
			);
			dependencies = (
				5875B9EE2BD83AEB005C0A2C /* PBXTargetDependency */,
			);
			name = Dice_SimulatorTests;
			productName = Dice_SimulatorTests;
			productReference = 5875B9EC2BD83AEB005C0A2C /* Dice_SimulatorTests.xctest */;
			productType = "com.apple.product-type.bundle.unit-test";
		};
		5875B9F52BD83AEB005C0A2C /* Dice_SimulatorUITests */ = {
			isa = PBXNativeTarget;
			buildConfigurationList = 5875BA062BD83AEB005C0A2C /* Build configuration list for PBXNativeTarget "Dice_SimulatorUITests" */;
			buildPhases = (
				5875B9F22BD83AEB005C0A2C /* Sources */,
				5875B9F32BD83AEB005C0A2C /* Frameworks */,
				5875B9F42BD83AEB005C0A2C /* Resources */,
			);
			buildRules = (
			);
			dependencies = (
				5875B9F82BD83AEB005C0A2C /* PBXTargetDependency */,
			);
			name = Dice_SimulatorUITests;
			productName = Dice_SimulatorUITests;
			productReference = 5875B9F62BD83AEB005C0A2C /* Dice_SimulatorUITests.xctest */;
			productType = "com.apple.product-type.bundle.ui-testing";
		};
/* End PBXNativeTarget section */

/* Begin PBXProject section */
		5875B9CE2BD83ADE005C0A2C /* Project object */ = {
			isa = PBXProject;
			attributes = {
				BuildIndependentTargetsInParallel = 1;
				LastSwiftUpdateCheck = 1530;
				LastUpgradeCheck = 1530;
				TargetAttributes = {
					5875B9D52BD83ADE005C0A2C = {
						CreatedOnToolsVersion = 15.3;
					};
					5875B9EB2BD83AEB005C0A2C = {
						CreatedOnToolsVersion = 15.3;
						TestTargetID = 5875B9D52BD83ADE005C0A2C;
					};
					5875B9F52BD83AEB005C0A2C = {
						CreatedOnToolsVersion = 15.3;
						TestTargetID = 5875B9D52BD83ADE005C0A2C;
					};
				};
			};
			buildConfigurationList = 5875B9D12BD83ADE005C0A2C /* Build configuration list for PBXProject "Dice_Simulator" */;
			compatibilityVersion = "Xcode 14.0";
			developmentRegion = en;
			hasScannedForEncodings = 0;
			knownRegions = (
				en,
				Base,
			);
			mainGroup = 5875B9CD2BD83ADE005C0A2C;
			productRefGroup = 5875B9D72BD83ADE005C0A2C /* Products */;
			projectDirPath = "";
			projectRoot = "";
			targets = (
				5875B9D52BD83ADE005C0A2C /* Dice_Simulator */,
				5875B9EB2BD83AEB005C0A2C /* Dice_SimulatorTests */,
				5875B9F52BD83AEB005C0A2C /* Dice_SimulatorUITests */,
			);
		};
/* End PBXProject section */

/* Begin PBXResourcesBuildPhase section */
		5875B9D42BD83ADE005C0A2C /* Resources */ = {
			isa = PBXResourcesBuildPhase;
			buildActionMask = 2147483647;
			files = (
				5875B9E32BD83AEB005C0A2C /* Assets.xcassets in Resources */,
				5875B9E62BD83AEB005C0A2C /* Base in Resources */,
				5875B9E12BD83ADE005C0A2C /* Base in Resources */,
			);
			runOnlyForDeploymentPostprocessing = 0;
		};
		5875B9EA2BD83AEB005C0A2C /* Resources */ = {
			isa = PBXResourcesBuildPhase;
			buildActionMask = 2147483647;
			files = (
			);
			runOnlyForDeploymentPostprocessing = 0;
		};
		5875B9F42BD83AEB005C0A2C /* Resources */ = {
			isa = PBXResourcesBuildPhase;
			buildActionMask = 2147483647;
			files = (
			);
			runOnlyForDeploymentPostprocessing = 0;
		};
/* End PBXResourcesBuildPhase section */

/* Begin PBXSourcesBuildPhase section */
		5875B9D22BD83ADE005C0A2C /* Sources */ = {
			isa = PBXSourcesBuildPhase;
			buildActionMask = 2147483647;
			files = (
				5875B9DE2BD83ADE005C0A2C /* ViewController.swift in Sources */,
				5875B9DA2BD83ADE005C0A2C /* AppDelegate.swift in Sources */,
				5875B9DC2BD83ADE005C0A2C /* SceneDelegate.swift in Sources */,
			);
			runOnlyForDeploymentPostprocessing = 0;
		};
		5875B9E82BD83AEB005C0A2C /* Sources */ = {
			isa = PBXSourcesBuildPhase;
			buildActionMask = 2147483647;
			files = (
				5875B9F12BD83AEB005C0A2C /* Dice_SimulatorTests.swift in Sources */,
			);
			runOnlyForDeploymentPostprocessing = 0;
		};
		5875B9F22BD83AEB005C0A2C /* Sources */ = {
			isa = PBXSourcesBuildPhase;
			buildActionMask = 2147483647;
			files = (
				5875B9FD2BD83AEB005C0A2C /* Dice_SimulatorUITestsLaunchTests.swift in Sources */,
				5875B9FB2BD83AEB005C0A2C /* Dice_SimulatorUITests.swift in Sources */,
			);
			runOnlyForDeploymentPostprocessing = 0;
		};
/* End PBXSourcesBuildPhase section */

/* Begin PBXTargetDependency section */
		5875B9EE2BD83AEB005C0A2C /* PBXTargetDependency */ = {
			isa = PBXTargetDependency;
			target = 5875B9D52BD83ADE005C0A2C /* Dice_Simulator */;
			targetProxy = 5875B9ED2BD83AEB005C0A2C /* PBXContainerItemProxy */;
		};
		5875B9F82BD83AEB005C0A2C /* PBXTargetDependency */ = {
			isa = PBXTargetDependency;
			target = 5875B9D52BD83ADE005C0A2C /* Dice_Simulator */;
			targetProxy = 5875B9F72BD83AEB005C0A2C /* PBXContainerItemProxy */;
		};
/* End PBXTargetDependency section */

/* Begin PBXVariantGroup section */
		5875B9DF2BD83ADE005C0A2C /* Main.storyboard */ = {
			isa = PBXVariantGroup;
			children = (
				5875B9E02BD83ADE005C0A2C /* Base */,
			);
			name = Main.storyboard;
			sourceTree = "<group>";
		};
		5875B9E42BD83AEB005C0A2C /* LaunchScreen.storyboard */ = {
			isa = PBXVariantGroup;
			children = (
				5875B9E52BD83AEB005C0A2C /* Base */,
			);
			name = LaunchScreen.storyboard;
			sourceTree = "<group>";
		};
/* End PBXVariantGroup section */

/* Begin XCBuildConfiguration section */
		5875B9FE2BD83AEB005C0A2C /* Debug */ = {
			isa = XCBuildConfiguration;
			buildSettings = {
				ALWAYS_SEARCH_USER_PATHS = NO;
				ASSETCATALOG_COMPILER_GENERATE_SWIFT_ASSET_SYMBOL_EXTENSIONS = YES;
				CLANG_ANALYZER_NONNULL = YES;
				CLANG_ANALYZER_NUMBER_OBJECT_CONVERSION = YES_AGGRESSIVE;
				CLANG_CXX_LANGUAGE_STANDARD = "gnu++20";
				CLANG_ENABLE_MODULES = YES;
				CLANG_ENABLE_OBJC_ARC = YES;
				CLANG_ENABLE_OBJC_WEAK = YES;
				CLANG_WARN_BLOCK_CAPTURE_AUTORELEASING = YES;
				CLANG_WARN_BOOL_CONVERSION = YES;
				CLANG_WARN_COMMA = YES;
				CLANG_WARN_CONSTANT_CONVERSION = YES;
				CLANG_WARN_DEPRECATED_OBJC_IMPLEMENTATIONS = YES;
				CLANG_WARN_DIRECT_OBJC_ISA_USAGE = YES_ERROR;
				CLANG_WARN_DOCUMENTATION_COMMENTS = YES;
				CLANG_WARN_EMPTY_BODY = YES;
				CLANG_WARN_ENUM_CONVERSION = YES;
				CLANG_WARN_INFINITE_RECURSION = YES;
				CLANG_WARN_INT_CONVERSION = YES;
				CLANG_WARN_NON_LITERAL_NULL_CONVERSION = YES;
				CLANG_WARN_OBJC_IMPLICIT_RETAIN_SELF = YES;
				CLANG_WARN_OBJC_LITERAL_CONVERSION = YES;
				CLANG_WARN_OBJC_ROOT_CLASS = YES_ERROR;
				CLANG_WARN_QUOTED_INCLUDE_IN_FRAMEWORK_HEADER = YES;
				CLANG_WARN_RANGE_LOOP_ANALYSIS = YES;
				CLANG_WARN_STRICT_PROTOTYPES = YES;
				CLANG_WARN_SUSPICIOUS_MOVE = YES;
				CLANG_WARN_UNGUARDED_AVAILABILITY = YES_AGGRESSIVE;
				CLANG_WARN_UNREACHABLE_CODE = YES;
				CLANG_WARN__DUPLICATE_METHOD_MATCH = YES;
				COPY_PHASE_STRIP = NO;
				DEBUG_INFORMATION_FORMAT = dwarf;
				ENABLE_STRICT_OBJC_MSGSEND = YES;
				ENABLE_TESTABILITY = YES;
				ENABLE_USER_SCRIPT_SANDBOXING = YES;
				GCC_C_LANGUAGE_STANDARD = gnu17;
				GCC_DYNAMIC_NO_PIC = NO;
				GCC_NO_COMMON_BLOCKS = YES;
				GCC_OPTIMIZATION_LEVEL = 0;
				GCC_PREPROCESSOR_DEFINITIONS = (
					"DEBUG=1",
					"$(inherited)",
				);
				GCC_WARN_64_TO_32_BIT_CONVERSION = YES;
				GCC_WARN_ABOUT_RETURN_TYPE = YES_ERROR;
				GCC_WARN_UNDECLARED_SELECTOR = YES;
				GCC_WARN_UNINITIALIZED_AUTOS = YES_AGGRESSIVE;
				GCC_WARN_UNUSED_FUNCTION = YES;
				GCC_WARN_UNUSED_VARIABLE = YES;
				IPHONEOS_DEPLOYMENT_TARGET = 17.4;
				LOCALIZATION_PREFERS_STRING_CATALOGS = YES;
				MTL_ENABLE_DEBUG_INFO = INCLUDE_SOURCE;
				MTL_FAST_MATH = YES;
				ONLY_ACTIVE_ARCH = YES;
				SDKROOT = iphoneos;
				SWIFT_ACTIVE_COMPILATION_CONDITIONS = "DEBUG $(inherited)";
				SWIFT_OPTIMIZATION_LEVEL = "-Onone";
			};
			name = Debug;
		};
		5875B9FF2BD83AEB005C0A2C /* Release */ = {
			isa = XCBuildConfiguration;
			buildSettings = {
				ALWAYS_SEARCH_USER_PATHS = NO;
				ASSETCATALOG_COMPILER_GENERATE_SWIFT_ASSET_SYMBOL_EXTENSIONS = YES;
				CLANG_ANALYZER_NONNULL = YES;
				CLANG_ANALYZER_NUMBER_OBJECT_CONVERSION = YES_AGGRESSIVE;
				CLANG_CXX_LANGUAGE_STANDARD = "gnu++20";
				CLANG_ENABLE_MODULES = YES;
				CLANG_ENABLE_OBJC_ARC = YES;
				CLANG_ENABLE_OBJC_WEAK = YES;
				CLANG_WARN_BLOCK_CAPTURE_AUTORELEASING = YES;
				CLANG_WARN_BOOL_CONVERSION = YES;
				CLANG_WARN_COMMA = YES;
				CLANG_WARN_CONSTANT_CONVERSION = YES;
				CLANG_WARN_DEPRECATED_OBJC_IMPLEMENTATIONS = YES;
				CLANG_WARN_DIRECT_OBJC_ISA_USAGE = YES_ERROR;
				CLANG_WARN_DOCUMENTATION_COMMENTS = YES;
				CLANG_WARN_EMPTY_BODY = YES;
				CLANG_WARN_ENUM_CONVERSION = YES;
				CLANG_WARN_INFINITE_RECURSION = YES;
				CLANG_WARN_INT_CONVERSION = YES;
				CLANG_WARN_NON_LITERAL_NULL_CONVERSION = YES;
				CLANG_WARN_OBJC_IMPLICIT_RETAIN_SELF = YES;
				CLANG_WARN_OBJC_LITERAL_CONVERSION = YES;
				CLANG_WARN_OBJC_ROOT_CLASS = YES_ERROR;
				CLANG_WARN_QUOTED_INCLUDE_IN_FRAMEWORK_HEADER = YES;
				CLANG_WARN_RANGE_LOOP_ANALYSIS = YES;
				CLANG_WARN_STRICT_PROTOTYPES = YES;
				CLANG_WARN_SUSPICIOUS_MOVE = YES;
				CLANG_WARN_UNGUARDED_AVAILABILITY = YES_AGGRESSIVE;
				CLANG_WARN_UNREACHABLE_CODE = YES;
				CLANG_WARN__DUPLICATE_METHOD_MATCH = YES;
				COPY_PHASE_STRIP = NO;
				DEBUG_INFORMATION_FORMAT = "dwarf-with-dsym";
				ENABLE_NS_ASSERTIONS = NO;
				ENABLE_STRICT_OBJC_MSGSEND = YES;
				ENABLE_USER_SCRIPT_SANDBOXING = YES;
				GCC_C_LANGUAGE_STANDARD = gnu17;
				GCC_NO_COMMON_BLOCKS = YES;
				GCC_WARN_64_TO_32_BIT_CONVERSION = YES;
				GCC_WARN_ABOUT_RETURN_TYPE = YES_ERROR;
				GCC_WARN_UNDECLARED_SELECTOR = YES;
				GCC_WARN_UNINITIALIZED_AUTOS = YES_AGGRESSIVE;
				GCC_WARN_UNUSED_FUNCTION = YES;
				GCC_WARN_UNUSED_VARIABLE = YES;
				IPHONEOS_DEPLOYMENT_TARGET = 17.4;
				LOCALIZATION_PREFERS_STRING_CATALOGS = YES;
				MTL_ENABLE_DEBUG_INFO = NO;
				MTL_FAST_MATH = YES;
				SDKROOT = iphoneos;
				SWIFT_COMPILATION_MODE = wholemodule;
				VALIDATE_PRODUCT = YES;
			};
			name = Release;
		};
		5875BA012BD83AEB005C0A2C /* Debug */ = {
			isa = XCBuildConfiguration;
			buildSettings = {
				ASSETCATALOG_COMPILER_APPICON_NAME = AppIcon;
				ASSETCATALOG_COMPILER_GLOBAL_ACCENT_COLOR_NAME = AccentColor;
				CODE_SIGN_STYLE = Automatic;
				CURRENT_PROJECT_VERSION = 1;
				DEVELOPMENT_TEAM = 5JTAX372M9;
				GENERATE_INFOPLIST_FILE = YES;
				INFOPLIST_FILE = Dice_Simulator/Info.plist;
				INFOPLIST_KEY_UIApplicationSupportsIndirectInputEvents = YES;
				INFOPLIST_KEY_UILaunchStoryboardName = LaunchScreen;
				INFOPLIST_KEY_UIMainStoryboardFile = Main;
				INFOPLIST_KEY_UISupportedInterfaceOrientations_iPad = "UIInterfaceOrientationPortrait UIInterfaceOrientationPortraitUpsideDown UIInterfaceOrientationLandscapeLeft UIInterfaceOrientationLandscapeRight";
				INFOPLIST_KEY_UISupportedInterfaceOrientations_iPhone = "UIInterfaceOrientationPortrait UIInterfaceOrientationLandscapeLeft UIInterfaceOrientationLandscapeRight";
				LD_RUNPATH_SEARCH_PATHS = (
					"$(inherited)",
					"@executable_path/Frameworks",
				);
				MARKETING_VERSION = 1.0;
				PRODUCT_BUNDLE_IDENTIFIER = "com.ShivaNagendraBabu-Kore.Dice-Simulator";
				PRODUCT_NAME = "$(TARGET_NAME)";
				SWIFT_EMIT_LOC_STRINGS = YES;
				SWIFT_VERSION = 5.0;
				TARGETED_DEVICE_FAMILY = "1,2";
			};
			name = Debug;
		};
		5875BA022BD83AEB005C0A2C /* Release */ = {
			isa = XCBuildConfiguration;
			buildSettings = {
				ASSETCATALOG_COMPILER_APPICON_NAME = AppIcon;
				ASSETCATALOG_COMPILER_GLOBAL_ACCENT_COLOR_NAME = AccentColor;
				CODE_SIGN_STYLE = Automatic;
				CURRENT_PROJECT_VERSION = 1;
				DEVELOPMENT_TEAM = 5JTAX372M9;
				GENERATE_INFOPLIST_FILE = YES;
				INFOPLIST_FILE = Dice_Simulator/Info.plist;
				INFOPLIST_KEY_UIApplicationSupportsIndirectInputEvents = YES;
				INFOPLIST_KEY_UILaunchStoryboardName = LaunchScreen;
				INFOPLIST_KEY_UIMainStoryboardFile = Main;
				INFOPLIST_KEY_UISupportedInterfaceOrientations_iPad = "UIInterfaceOrientationPortrait UIInterfaceOrientationPortraitUpsideDown UIInterfaceOrientationLandscapeLeft UIInterfaceOrientationLandscapeRight";
				INFOPLIST_KEY_UISupportedInterfaceOrientations_iPhone = "UIInterfaceOrientationPortrait UIInterfaceOrientationLandscapeLeft UIInterfaceOrientationLandscapeRight";
				LD_RUNPATH_SEARCH_PATHS = (
					"$(inherited)",
					"@executable_path/Frameworks",
				);
				MARKETING_VERSION = 1.0;
				PRODUCT_BUNDLE_IDENTIFIER = "com.ShivaNagendraBabu-Kore.Dice-Simulator";
				PRODUCT_NAME = "$(TARGET_NAME)";
				SWIFT_EMIT_LOC_STRINGS = YES;
				SWIFT_VERSION = 5.0;
				TARGETED_DEVICE_FAMILY = "1,2";
			};
			name = Release;
		};
		5875BA042BD83AEB005C0A2C /* Debug */ = {
			isa = XCBuildConfiguration;
			buildSettings = {
				ALWAYS_EMBED_SWIFT_STANDARD_LIBRARIES = YES;
				BUNDLE_LOADER = "$(TEST_HOST)";
				CODE_SIGN_STYLE = Automatic;
				CURRENT_PROJECT_VERSION = 1;
				DEVELOPMENT_TEAM = 5JTAX372M9;
				GENERATE_INFOPLIST_FILE = YES;
				IPHONEOS_DEPLOYMENT_TARGET = 17.4;
				MARKETING_VERSION = 1.0;
				PRODUCT_BUNDLE_IDENTIFIER = "com.ShivaNagendraBabu-Kore.Dice-SimulatorTests";
				PRODUCT_NAME = "$(TARGET_NAME)";
				SWIFT_EMIT_LOC_STRINGS = NO;
				SWIFT_VERSION = 5.0;
				TARGETED_DEVICE_FAMILY = "1,2";
				TEST_HOST = "$(BUILT_PRODUCTS_DIR)/Dice_Simulator.app/$(BUNDLE_EXECUTABLE_FOLDER_PATH)/Dice_Simulator";
			};
			name = Debug;
		};
		5875BA052BD83AEB005C0A2C /* Release */ = {
			isa = XCBuildConfiguration;
			buildSettings = {
				ALWAYS_EMBED_SWIFT_STANDARD_LIBRARIES = YES;
				BUNDLE_LOADER = "$(TEST_HOST)";
				CODE_SIGN_STYLE = Automatic;
				CURRENT_PROJECT_VERSION = 1;
				DEVELOPMENT_TEAM = 5JTAX372M9;
				GENERATE_INFOPLIST_FILE = YES;
				IPHONEOS_DEPLOYMENT_TARGET = 17.4;
				MARKETING_VERSION = 1.0;
				PRODUCT_BUNDLE_IDENTIFIER = "com.ShivaNagendraBabu-Kore.Dice-SimulatorTests";
				PRODUCT_NAME = "$(TARGET_NAME)";
				SWIFT_EMIT_LOC_STRINGS = NO;
				SWIFT_VERSION = 5.0;
				TARGETED_DEVICE_FAMILY = "1,2";
				TEST_HOST = "$(BUILT_PRODUCTS_DIR)/Dice_Simulator.app/$(BUNDLE_EXECUTABLE_FOLDER_PATH)/Dice_Simulator";
			};
			name = Release;
		};
		5875BA072BD83AEB005C0A2C /* Debug */ = {
			isa = XCBuildConfiguration;
			buildSettings = {
				ALWAYS_EMBED_SWIFT_STANDARD_LIBRARIES = YES;
				CODE_SIGN_STYLE = Automatic;
				CURRENT_PROJECT_VERSION = 1;
				DEVELOPMENT_TEAM = 5JTAX372M9;
				GENERATE_INFOPLIST_FILE = YES;
				MARKETING_VERSION = 1.0;
				PRODUCT_BUNDLE_IDENTIFIER = "com.ShivaNagendraBabu-Kore.Dice-SimulatorUITests";
				PRODUCT_NAME = "$(TARGET_NAME)";
				SWIFT_EMIT_LOC_STRINGS = NO;
				SWIFT_VERSION = 5.0;
				TARGETED_DEVICE_FAMILY = "1,2";
				TEST_TARGET_NAME = Dice_Simulator;
			};
			name = Debug;
		};
		5875BA082BD83AEB005C0A2C /* Release */ = {
			isa = XCBuildConfiguration;
			buildSettings = {
				ALWAYS_EMBED_SWIFT_STANDARD_LIBRARIES = YES;
				CODE_SIGN_STYLE = Automatic;
				CURRENT_PROJECT_VERSION = 1;
				DEVELOPMENT_TEAM = 5JTAX372M9;
				GENERATE_INFOPLIST_FILE = YES;
				MARKETING_VERSION = 1.0;
				PRODUCT_BUNDLE_IDENTIFIER = "com.ShivaNagendraBabu-Kore.Dice-SimulatorUITests";
				PRODUCT_NAME = "$(TARGET_NAME)";
				SWIFT_EMIT_LOC_STRINGS = NO;
				SWIFT_VERSION = 5.0;
				TARGETED_DEVICE_FAMILY = "1,2";
				TEST_TARGET_NAME = Dice_Simulator;
			};
			name = Release;
		};
/* End XCBuildConfiguration section */

/* Begin XCConfigurationList section */
		5875B9D12BD83ADE005C0A2C /* Build configuration list for PBXProject "Dice_Simulator" */ = {
			isa = XCConfigurationList;
			buildConfigurations = (
				5875B9FE2BD83AEB005C0A2C /* Debug */,
				5875B9FF2BD83AEB005C0A2C /* Release */,
			);
			defaultConfigurationIsVisible = 0;
			defaultConfigurationName = Release;
		};
		5875BA002BD83AEB005C0A2C /* Build configuration list for PBXNativeTarget "Dice_Simulator" */ = {
			isa = XCConfigurationList;
			buildConfigurations = (
				5875BA012BD83AEB005C0A2C /* Debug */,
				5875BA022BD83AEB005C0A2C /* Release */,
			);
			defaultConfigurationIsVisible = 0;
			defaultConfigurationName = Release;
		};
		5875BA032BD83AEB005C0A2C /* Build configuration list for PBXNativeTarget "Dice_SimulatorTests" */ = {
			isa = XCConfigurationList;
			buildConfigurations = (
				5875BA042BD83AEB005C0A2C /* Debug */,
				5875BA052BD83AEB005C0A2C /* Release */,
			);
			defaultConfigurationIsVisible = 0;
			defaultConfigurationName = Release;
		};
		5875BA062BD83AEB005C0A2C /* Build configuration list for PBXNativeTarget "Dice_SimulatorUITests" */ = {
			isa = XCConfigurationList;
			buildConfigurations = (
				5875BA072BD83AEB005C0A2C /* Debug */,
				5875BA082BD83AEB005C0A2C /* Release */,
			);
			defaultConfigurationIsVisible = 0;
			defaultConfigurationName = Release;
		};
/* End XCConfigurationList section */
	};
	rootObject = 5875B9CE2BD83ADE005C0A2C /* Project object */;
}
